// !$*UTF8*$!
{
	archiveVersion = 1;
	classes = {
	};
	objectVersion = 55;
	objects = {

/* Begin PBXBuildFile section */
		2DA219822806B4A8000339CB /* SignUpViewController.swift in Sources */ = {isa = PBXBuildFile; fileRef = 2DA219812806B4A8000339CB /* SignUpViewController.swift */; };
		4503DAC6280255B300475B29 /* ProfileViewController.swift in Sources */ = {isa = PBXBuildFile; fileRef = 4503DAC5280255B300475B29 /* ProfileViewController.swift */; };
		45533A24280798C8003D7668 /* LoginViewController.swift in Sources */ = {isa = PBXBuildFile; fileRef = 45533A23280798C8003D7668 /* LoginViewController.swift */; };
		45533A26280CCB3C003D7668 /* EditSymptomsViewController.swift in Sources */ = {isa = PBXBuildFile; fileRef = 45533A25280CCB3C003D7668 /* EditSymptomsViewController.swift */; };
		5805EB3A280104AB0094547A /* AppDelegate.swift in Sources */ = {isa = PBXBuildFile; fileRef = 5805EB39280104AB0094547A /* AppDelegate.swift */; };
		5805EB3C280104AB0094547A /* SceneDelegate.swift in Sources */ = {isa = PBXBuildFile; fileRef = 5805EB3B280104AB0094547A /* SceneDelegate.swift */; };
		5805EB41280104AB0094547A /* Main.storyboard in Resources */ = {isa = PBXBuildFile; fileRef = 5805EB3F280104AB0094547A /* Main.storyboard */; };
		5805EB43280104AC0094547A /* Assets.xcassets in Resources */ = {isa = PBXBuildFile; fileRef = 5805EB42280104AC0094547A /* Assets.xcassets */; };
		5805EB46280104AC0094547A /* LaunchScreen.storyboard in Resources */ = {isa = PBXBuildFile; fileRef = 5805EB44280104AC0094547A /* LaunchScreen.storyboard */; };
		5805EB4E2802048D0094547A /* Keys.plist in Resources */ = {isa = PBXBuildFile; fileRef = 5805EB4D2802048D0094547A /* Keys.plist */; };
		61C1CD94B9490C358A6D79D2 /* Pods_CodePath_52.framework in Frameworks */ = {isa = PBXBuildFile; fileRef = F856ECEFC9BAE1775F5CA27E /* Pods_CodePath_52.framework */; };
/* End PBXBuildFile section */

/* Begin PBXFileReference section */
		2DA219812806B4A8000339CB /* SignUpViewController.swift */ = {isa = PBXFileReference; lastKnownFileType = sourcecode.swift; path = SignUpViewController.swift; sourceTree = "<group>"; };
		4503DAC5280255B300475B29 /* ProfileViewController.swift */ = {isa = PBXFileReference; lastKnownFileType = sourcecode.swift; path = ProfileViewController.swift; sourceTree = "<group>"; };
		45533A23280798C8003D7668 /* LoginViewController.swift */ = {isa = PBXFileReference; lastKnownFileType = sourcecode.swift; path = LoginViewController.swift; sourceTree = "<group>"; };
		45533A25280CCB3C003D7668 /* EditSymptomsViewController.swift */ = {isa = PBXFileReference; lastKnownFileType = sourcecode.swift; path = EditSymptomsViewController.swift; sourceTree = "<group>"; };
		5805EB36280104AB0094547A /* CodePath-52.app */ = {isa = PBXFileReference; explicitFileType = wrapper.application; includeInIndex = 0; path = "CodePath-52.app"; sourceTree = BUILT_PRODUCTS_DIR; };
		5805EB39280104AB0094547A /* AppDelegate.swift */ = {isa = PBXFileReference; lastKnownFileType = sourcecode.swift; path = AppDelegate.swift; sourceTree = "<group>"; };
		5805EB3B280104AB0094547A /* SceneDelegate.swift */ = {isa = PBXFileReference; lastKnownFileType = sourcecode.swift; path = SceneDelegate.swift; sourceTree = "<group>"; };
		5805EB40280104AB0094547A /* Base */ = {isa = PBXFileReference; lastKnownFileType = file.storyboard; name = Base; path = Base.lproj/Main.storyboard; sourceTree = "<group>"; };
		5805EB42280104AC0094547A /* Assets.xcassets */ = {isa = PBXFileReference; lastKnownFileType = folder.assetcatalog; path = Assets.xcassets; sourceTree = "<group>"; };
		5805EB45280104AC0094547A /* Base */ = {isa = PBXFileReference; lastKnownFileType = file.storyboard; name = Base; path = Base.lproj/LaunchScreen.storyboard; sourceTree = "<group>"; };
		5805EB47280104AC0094547A /* Info.plist */ = {isa = PBXFileReference; lastKnownFileType = text.plist.xml; path = Info.plist; sourceTree = "<group>"; };
		5805EB4D2802048D0094547A /* Keys.plist */ = {isa = PBXFileReference; lastKnownFileType = text.plist.xml; path = Keys.plist; sourceTree = "<group>"; };
		7D9F575646D5FB56B40ECD64 /* Pods-CodePath-52.release.xcconfig */ = {isa = PBXFileReference; includeInIndex = 1; lastKnownFileType = text.xcconfig; name = "Pods-CodePath-52.release.xcconfig"; path = "Target Support Files/Pods-CodePath-52/Pods-CodePath-52.release.xcconfig"; sourceTree = "<group>"; };
		F856ECEFC9BAE1775F5CA27E /* Pods_CodePath_52.framework */ = {isa = PBXFileReference; explicitFileType = wrapper.framework; includeInIndex = 0; path = Pods_CodePath_52.framework; sourceTree = BUILT_PRODUCTS_DIR; };
		FAB4DD0520BC6EC18CE91DFA /* Pods-CodePath-52.debug.xcconfig */ = {isa = PBXFileReference; includeInIndex = 1; lastKnownFileType = text.xcconfig; name = "Pods-CodePath-52.debug.xcconfig"; path = "Target Support Files/Pods-CodePath-52/Pods-CodePath-52.debug.xcconfig"; sourceTree = "<group>"; };
/* End PBXFileReference section */

/* Begin PBXFrameworksBuildPhase section */
		5805EB33280104AB0094547A /* Frameworks */ = {
			isa = PBXFrameworksBuildPhase;
			buildActionMask = 2147483647;
			files = (
				61C1CD94B9490C358A6D79D2 /* Pods_CodePath_52.framework in Frameworks */,
			);
			runOnlyForDeploymentPostprocessing = 0;
		};
/* End PBXFrameworksBuildPhase section */

/* Begin PBXGroup section */
		5805EB2D280104AB0094547A = {
			isa = PBXGroup;
			children = (
				5805EB38280104AB0094547A /* CodePath-52 */,
				5805EB37280104AB0094547A /* Products */,
				D1C9DC5BCE2A514FC592FC06 /* Pods */,
				F8C5D1A5522E5C9DA549CB6B /* Frameworks */,
			);
			sourceTree = "<group>";
		};
		5805EB37280104AB0094547A /* Products */ = {
			isa = PBXGroup;
			children = (
				5805EB36280104AB0094547A /* CodePath-52.app */,
			);
			name = Products;
			sourceTree = "<group>";
		};
		5805EB38280104AB0094547A /* CodePath-52 */ = {
			isa = PBXGroup;
			children = (
				5805EB39280104AB0094547A /* AppDelegate.swift */,
				45533A23280798C8003D7668 /* LoginViewController.swift */,
				5805EB4D2802048D0094547A /* Keys.plist */,
				5805EB3B280104AB0094547A /* SceneDelegate.swift */,
				2DA219812806B4A8000339CB /* SignUpViewController.swift */,
				5805EB3F280104AB0094547A /* Main.storyboard */,
				45533A25280CCB3C003D7668 /* EditSymptomsViewController.swift */,
				4503DAC5280255B300475B29 /* ProfileViewController.swift */,
				5805EB42280104AC0094547A /* Assets.xcassets */,
				5805EB44280104AC0094547A /* LaunchScreen.storyboard */,
				5805EB47280104AC0094547A /* Info.plist */,
			);
			path = "CodePath-52";
			sourceTree = "<group>";
		};
		D1C9DC5BCE2A514FC592FC06 /* Pods */ = {
			isa = PBXGroup;
			children = (
				FAB4DD0520BC6EC18CE91DFA /* Pods-CodePath-52.debug.xcconfig */,
				7D9F575646D5FB56B40ECD64 /* Pods-CodePath-52.release.xcconfig */,
			);
			path = Pods;
			sourceTree = "<group>";
		};
		F8C5D1A5522E5C9DA549CB6B /* Frameworks */ = {
			isa = PBXGroup;
			children = (
				F856ECEFC9BAE1775F5CA27E /* Pods_CodePath_52.framework */,
			);
			name = Frameworks;
			sourceTree = "<group>";
		};
/* End PBXGroup section */

/* Begin PBXNativeTarget section */
		5805EB35280104AB0094547A /* CodePath-52 */ = {
			isa = PBXNativeTarget;
			buildConfigurationList = 5805EB4A280104AC0094547A /* Build configuration list for PBXNativeTarget "CodePath-52" */;
			buildPhases = (
				7307DCB42DF1BA0664B86E7E /* [CP] Check Pods Manifest.lock */,
				5805EB32280104AB0094547A /* Sources */,
				5805EB33280104AB0094547A /* Frameworks */,
				5805EB34280104AB0094547A /* Resources */,
				33CE1C146D86902D4487B2DC /* [CP] Embed Pods Frameworks */,
			);
			buildRules = (
			);
			dependencies = (
			);
			name = "CodePath-52";
			productName = "CodePath-52";
			productReference = 5805EB36280104AB0094547A /* CodePath-52.app */;
			productType = "com.apple.product-type.application";
		};
/* End PBXNativeTarget section */

/* Begin PBXProject section */
		5805EB2E280104AB0094547A /* Project object */ = {
			isa = PBXProject;
			attributes = {
				BuildIndependentTargetsInParallel = 1;
				LastSwiftUpdateCheck = 1320;
				LastUpgradeCheck = 1320;
				TargetAttributes = {
					5805EB35280104AB0094547A = {
						CreatedOnToolsVersion = 13.2.1;
					};
				};
			};
			buildConfigurationList = 5805EB31280104AB0094547A /* Build configuration list for PBXProject "CodePath-52" */;
			compatibilityVersion = "Xcode 13.0";
			developmentRegion = en;
			hasScannedForEncodings = 0;
			knownRegions = (
				en,
				Base,
			);
			mainGroup = 5805EB2D280104AB0094547A;
			productRefGroup = 5805EB37280104AB0094547A /* Products */;
			projectDirPath = "";
			projectRoot = "";
			targets = (
				5805EB35280104AB0094547A /* CodePath-52 */,
			);
		};
/* End PBXProject section */

/* Begin PBXResourcesBuildPhase section */
		5805EB34280104AB0094547A /* Resources */ = {
			isa = PBXResourcesBuildPhase;
			buildActionMask = 2147483647;
			files = (
				5805EB4E2802048D0094547A /* Keys.plist in Resources */,
				5805EB46280104AC0094547A /* LaunchScreen.storyboard in Resources */,
				5805EB43280104AC0094547A /* Assets.xcassets in Resources */,
				5805EB41280104AB0094547A /* Main.storyboard in Resources */,
			);
			runOnlyForDeploymentPostprocessing = 0;
		};
/* End PBXResourcesBuildPhase section */

/* Begin PBXShellScriptBuildPhase section */
		33CE1C146D86902D4487B2DC /* [CP] Embed Pods Frameworks */ = {
			isa = PBXShellScriptBuildPhase;
			buildActionMask = 2147483647;
			files = (
			);
			inputFileListPaths = (
				"${PODS_ROOT}/Target Support Files/Pods-CodePath-52/Pods-CodePath-52-frameworks-${CONFIGURATION}-input-files.xcfilelist",
			);
			name = "[CP] Embed Pods Frameworks";
			outputFileListPaths = (
				"${PODS_ROOT}/Target Support Files/Pods-CodePath-52/Pods-CodePath-52-frameworks-${CONFIGURATION}-output-files.xcfilelist",
			);
			runOnlyForDeploymentPostprocessing = 0;
			shellPath = /bin/sh;
			shellScript = "\"${PODS_ROOT}/Target Support Files/Pods-CodePath-52/Pods-CodePath-52-frameworks.sh\"\n";
			showEnvVarsInLog = 0;
		};
		7307DCB42DF1BA0664B86E7E /* [CP] Check Pods Manifest.lock */ = {
			isa = PBXShellScriptBuildPhase;
			buildActionMask = 2147483647;
			files = (
			);
			inputFileListPaths = (
			);
			inputPaths = (
				"${PODS_PODFILE_DIR_PATH}/Podfile.lock",
				"${PODS_ROOT}/Manifest.lock",
			);
			name = "[CP] Check Pods Manifest.lock";
			outputFileListPaths = (
			);
			outputPaths = (
				"$(DERIVED_FILE_DIR)/Pods-CodePath-52-checkManifestLockResult.txt",
			);
			runOnlyForDeploymentPostprocessing = 0;
			shellPath = /bin/sh;
			shellScript = "diff \"${PODS_PODFILE_DIR_PATH}/Podfile.lock\" \"${PODS_ROOT}/Manifest.lock\" > /dev/null\nif [ $? != 0 ] ; then\n    # print error to STDERR\n    echo \"error: The sandbox is not in sync with the Podfile.lock. Run 'pod install' or update your CocoaPods installation.\" >&2\n    exit 1\nfi\n# This output is used by Xcode 'outputs' to avoid re-running this script phase.\necho \"SUCCESS\" > \"${SCRIPT_OUTPUT_FILE_0}\"\n";
			showEnvVarsInLog = 0;
		};
/* End PBXShellScriptBuildPhase section */

/* Begin PBXSourcesBuildPhase section */
		5805EB32280104AB0094547A /* Sources */ = {
			isa = PBXSourcesBuildPhase;
			buildActionMask = 2147483647;
			files = (
				45533A26280CCB3C003D7668 /* EditSymptomsViewController.swift in Sources */,
				5805EB3A280104AB0094547A /* AppDelegate.swift in Sources */,
				4503DAC6280255B300475B29 /* ProfileViewController.swift in Sources */,
				5805EB3C280104AB0094547A /* SceneDelegate.swift in Sources */,
				45533A24280798C8003D7668 /* LoginViewController.swift in Sources */,
				2DA219822806B4A8000339CB /* SignUpViewController.swift in Sources */,
			);
			runOnlyForDeploymentPostprocessing = 0;
		};
/* End PBXSourcesBuildPhase section */

/* Begin PBXVariantGroup section */
		5805EB3F280104AB0094547A /* Main.storyboard */ = {
			isa = PBXVariantGroup;
			children = (
				5805EB40280104AB0094547A /* Base */,
			);
			name = Main.storyboard;
			sourceTree = "<group>";
		};
		5805EB44280104AC0094547A /* LaunchScreen.storyboard */ = {
			isa = PBXVariantGroup;
			children = (
				5805EB45280104AC0094547A /* Base */,
			);
			name = LaunchScreen.storyboard;
			sourceTree = "<group>";
		};
/* End PBXVariantGroup section */

/* Begin XCBuildConfiguration section */
		5805EB48280104AC0094547A /* Debug */ = {
			isa = XCBuildConfiguration;
			buildSettings = {
				ALWAYS_SEARCH_USER_PATHS = NO;
				CLANG_ANALYZER_NONNULL = YES;
				CLANG_ANALYZER_NUMBER_OBJECT_CONVERSION = YES_AGGRESSIVE;
				CLANG_CXX_LANGUAGE_STANDARD = "gnu++17";
				CLANG_CXX_LIBRARY = "libc++";
				CLANG_ENABLE_MODULES = YES;
				CLANG_ENABLE_OBJC_ARC = YES;
				CLANG_ENABLE_OBJC_WEAK = YES;
				CLANG_WARN_BLOCK_CAPTURE_AUTORELEASING = YES;
				CLANG_WARN_BOOL_CONVERSION = YES;
				CLANG_WARN_COMMA = YES;
				CLANG_WARN_CONSTANT_CONVERSION = YES;
				CLANG_WARN_DEPRECATED_OBJC_IMPLEMENTATIONS = YES;
				CLANG_WARN_DIRECT_OBJC_ISA_USAGE = YES_ERROR;
				CLANG_WARN_DOCUMENTATION_COMMENTS = YES;
				CLANG_WARN_EMPTY_BODY = YES;
				CLANG_WARN_ENUM_CONVERSION = YES;
				CLANG_WARN_INFINITE_RECURSION = YES;
				CLANG_WARN_INT_CONVERSION = YES;
				CLANG_WARN_NON_LITERAL_NULL_CONVERSION = YES;
				CLANG_WARN_OBJC_IMPLICIT_RETAIN_SELF = YES;
				CLANG_WARN_OBJC_LITERAL_CONVERSION = YES;
				CLANG_WARN_OBJC_ROOT_CLASS = YES_ERROR;
				CLANG_WARN_QUOTED_INCLUDE_IN_FRAMEWORK_HEADER = YES;
				CLANG_WARN_RANGE_LOOP_ANALYSIS = YES;
				CLANG_WARN_STRICT_PROTOTYPES = YES;
				CLANG_WARN_SUSPICIOUS_MOVE = YES;
				CLANG_WARN_UNGUARDED_AVAILABILITY = YES_AGGRESSIVE;
				CLANG_WARN_UNREACHABLE_CODE = YES;
				CLANG_WARN__DUPLICATE_METHOD_MATCH = YES;
				COPY_PHASE_STRIP = NO;
				DEBUG_INFORMATION_FORMAT = dwarf;
				ENABLE_STRICT_OBJC_MSGSEND = YES;
				ENABLE_TESTABILITY = YES;
				GCC_C_LANGUAGE_STANDARD = gnu11;
				GCC_DYNAMIC_NO_PIC = NO;
				GCC_NO_COMMON_BLOCKS = YES;
				GCC_OPTIMIZATION_LEVEL = 0;
				GCC_PREPROCESSOR_DEFINITIONS = (
					"DEBUG=1",
					"$(inherited)",
				);
				GCC_WARN_64_TO_32_BIT_CONVERSION = YES;
				GCC_WARN_ABOUT_RETURN_TYPE = YES_ERROR;
				GCC_WARN_UNDECLARED_SELECTOR = YES;
				GCC_WARN_UNINITIALIZED_AUTOS = YES_AGGRESSIVE;
				GCC_WARN_UNUSED_FUNCTION = YES;
				GCC_WARN_UNUSED_VARIABLE = YES;
				IPHONEOS_DEPLOYMENT_TARGET = 15.2;
				MTL_ENABLE_DEBUG_INFO = INCLUDE_SOURCE;
				MTL_FAST_MATH = YES;
				ONLY_ACTIVE_ARCH = YES;
				SDKROOT = iphoneos;
				SWIFT_ACTIVE_COMPILATION_CONDITIONS = DEBUG;
				SWIFT_OPTIMIZATION_LEVEL = "-Onone";
			};
			name = Debug;
		};
		5805EB49280104AC0094547A /* Release */ = {
			isa = XCBuildConfiguration;
			buildSettings = {
				ALWAYS_SEARCH_USER_PATHS = NO;
				CLANG_ANALYZER_NONNULL = YES;
				CLANG_ANALYZER_NUMBER_OBJECT_CONVERSION = YES_AGGRESSIVE;
				CLANG_CXX_LANGUAGE_STANDARD = "gnu++17";
				CLANG_CXX_LIBRARY = "libc++";
				CLANG_ENABLE_MODULES = YES;
				CLANG_ENABLE_OBJC_ARC = YES;
				CLANG_ENABLE_OBJC_WEAK = YES;
				CLANG_WARN_BLOCK_CAPTURE_AUTORELEASING = YES;
				CLANG_WARN_BOOL_CONVERSION = YES;
				CLANG_WARN_COMMA = YES;
				CLANG_WARN_CONSTANT_CONVERSION = YES;
				CLANG_WARN_DEPRECATED_OBJC_IMPLEMENTATIONS = YES;
				CLANG_WARN_DIRECT_OBJC_ISA_USAGE = YES_ERROR;
				CLANG_WARN_DOCUMENTATION_COMMENTS = YES;
				CLANG_WARN_EMPTY_BODY = YES;
				CLANG_WARN_ENUM_CONVERSION = YES;
				CLANG_WARN_INFINITE_RECURSION = YES;
				CLANG_WARN_INT_CONVERSION = YES;
				CLANG_WARN_NON_LITERAL_NULL_CONVERSION = YES;
				CLANG_WARN_OBJC_IMPLICIT_RETAIN_SELF = YES;
				CLANG_WARN_OBJC_LITERAL_CONVERSION = YES;
				CLANG_WARN_OBJC_ROOT_CLASS = YES_ERROR;
				CLANG_WARN_QUOTED_INCLUDE_IN_FRAMEWORK_HEADER = YES;
				CLANG_WARN_RANGE_LOOP_ANALYSIS = YES;
				CLANG_WARN_STRICT_PROTOTYPES = YES;
				CLANG_WARN_SUSPICIOUS_MOVE = YES;
				CLANG_WARN_UNGUARDED_AVAILABILITY = YES_AGGRESSIVE;
				CLANG_WARN_UNREACHABLE_CODE = YES;
				CLANG_WARN__DUPLICATE_METHOD_MATCH = YES;
				COPY_PHASE_STRIP = NO;
				DEBUG_INFORMATION_FORMAT = "dwarf-with-dsym";
				ENABLE_NS_ASSERTIONS = NO;
				ENABLE_STRICT_OBJC_MSGSEND = YES;
				GCC_C_LANGUAGE_STANDARD = gnu11;
				GCC_NO_COMMON_BLOCKS = YES;
				GCC_WARN_64_TO_32_BIT_CONVERSION = YES;
				GCC_WARN_ABOUT_RETURN_TYPE = YES_ERROR;
				GCC_WARN_UNDECLARED_SELECTOR = YES;
				GCC_WARN_UNINITIALIZED_AUTOS = YES_AGGRESSIVE;
				GCC_WARN_UNUSED_FUNCTION = YES;
				GCC_WARN_UNUSED_VARIABLE = YES;
				IPHONEOS_DEPLOYMENT_TARGET = 15.2;
				MTL_ENABLE_DEBUG_INFO = NO;
				MTL_FAST_MATH = YES;
				SDKROOT = iphoneos;
				SWIFT_COMPILATION_MODE = wholemodule;
				SWIFT_OPTIMIZATION_LEVEL = "-O";
				VALIDATE_PRODUCT = YES;
			};
			name = Release;
		};
		5805EB4B280104AC0094547A /* Debug */ = {
			isa = XCBuildConfiguration;
			baseConfigurationReference = FAB4DD0520BC6EC18CE91DFA /* Pods-CodePath-52.debug.xcconfig */;
			buildSettings = {
				ASSETCATALOG_COMPILER_APPICON_NAME = AppIcon;
				ASSETCATALOG_COMPILER_GLOBAL_ACCENT_COLOR_NAME = AccentColor;
				CODE_SIGN_STYLE = Automatic;
				CURRENT_PROJECT_VERSION = 1;
				DEVELOPMENT_TEAM = K8YT7TE8JN;
				GENERATE_INFOPLIST_FILE = YES;
				INFOPLIST_FILE = "CodePath-52/Info.plist";
				INFOPLIST_KEY_UIApplicationSupportsIndirectInputEvents = YES;
				INFOPLIST_KEY_UILaunchStoryboardName = LaunchScreen;
				INFOPLIST_KEY_UIMainStoryboardFile = Main;
				INFOPLIST_KEY_UISupportedInterfaceOrientations_iPad = "UIInterfaceOrientationPortrait UIInterfaceOrientationPortraitUpsideDown UIInterfaceOrientationLandscapeLeft UIInterfaceOrientationLandscapeRight";
				INFOPLIST_KEY_UISupportedInterfaceOrientations_iPhone = "UIInterfaceOrientationPortrait UIInterfaceOrientationLandscapeLeft UIInterfaceOrientationLandscapeRight";
				LD_RUNPATH_SEARCH_PATHS = (
					"$(inherited)",
					"@executable_path/Frameworks",
				);
				MARKETING_VERSION = 1.0;
				PRODUCT_BUNDLE_IDENTIFIER = "com.FiftyTwo.CodePath-52";
				PRODUCT_NAME = "$(TARGET_NAME)";
				SWIFT_EMIT_LOC_STRINGS = YES;
				SWIFT_VERSION = 5.0;
				TARGETED_DEVICE_FAMILY = "1,2";
			};
			name = Debug;
		};
		5805EB4C280104AC0094547A /* Release */ = {
			isa = XCBuildConfiguration;
			baseConfigurationReference = 7D9F575646D5FB56B40ECD64 /* Pods-CodePath-52.release.xcconfig */;
			buildSettings = {
				ASSETCATALOG_COMPILER_APPICON_NAME = AppIcon;
				ASSETCATALOG_COMPILER_GLOBAL_ACCENT_COLOR_NAME = AccentColor;
				CODE_SIGN_STYLE = Automatic;
				CURRENT_PROJECT_VERSION = 1;
				DEVELOPMENT_TEAM = K8YT7TE8JN;
				GENERATE_INFOPLIST_FILE = YES;
				INFOPLIST_FILE = "CodePath-52/Info.plist";
				INFOPLIST_KEY_UIApplicationSupportsIndirectInputEvents = YES;
				INFOPLIST_KEY_UILaunchStoryboardName = LaunchScreen;
				INFOPLIST_KEY_UIMainStoryboardFile = Main;
				INFOPLIST_KEY_UISupportedInterfaceOrientations_iPad = "UIInterfaceOrientationPortrait UIInterfaceOrientationPortraitUpsideDown UIInterfaceOrientationLandscapeLeft UIInterfaceOrientationLandscapeRight";
				INFOPLIST_KEY_UISupportedInterfaceOrientations_iPhone = "UIInterfaceOrientationPortrait UIInterfaceOrientationLandscapeLeft UIInterfaceOrientationLandscapeRight";
				LD_RUNPATH_SEARCH_PATHS = (
					"$(inherited)",
					"@executable_path/Frameworks",
				);
				MARKETING_VERSION = 1.0;
				PRODUCT_BUNDLE_IDENTIFIER = "com.FiftyTwo.CodePath-52";
				PRODUCT_NAME = "$(TARGET_NAME)";
				SWIFT_EMIT_LOC_STRINGS = YES;
				SWIFT_VERSION = 5.0;
				TARGETED_DEVICE_FAMILY = "1,2";
			};
			name = Release;
		};
/* End XCBuildConfiguration section */

/* Begin XCConfigurationList section */
		5805EB31280104AB0094547A /* Build configuration list for PBXProject "CodePath-52" */ = {
			isa = XCConfigurationList;
			buildConfigurations = (
				5805EB48280104AC0094547A /* Debug */,
				5805EB49280104AC0094547A /* Release */,
			);
			defaultConfigurationIsVisible = 0;
			defaultConfigurationName = Release;
		};
		5805EB4A280104AC0094547A /* Build configuration list for PBXNativeTarget "CodePath-52" */ = {
			isa = XCConfigurationList;
			buildConfigurations = (
				5805EB4B280104AC0094547A /* Debug */,
				5805EB4C280104AC0094547A /* Release */,
			);
			defaultConfigurationIsVisible = 0;
			defaultConfigurationName = Release;
		};
/* End XCConfigurationList section */
	};
	rootObject = 5805EB2E280104AB0094547A /* Project object */;
}
